{
  "name": "@javakishore-veleti/awfd-monorepo",
  "version": "0.0.0",
  "lockfileVersion": 3,
  "requires": true,
  "packages": {
    "": {
      "name": "@javakishore-veleti/awfd-monorepo",
      "version": "0.0.0",
      "workspaces": [
        "packages/awfd",
        "packages/packs/*"
      ],
      "engines": {
        "node": ">=24",
        "npm": ">=11.5.1"
      }
    },
    "node_modules/@javakishore-veleti/awfd": {
      "resolved": "packages/awfd",
      "link": true
    },
    "node_modules/@javakishore-veleti/awfd-all": {
      "resolved": "packages/packs/all",
      "link": true
    },
    "node_modules/@javakishore-veleti/awfd-angular": {
      "resolved": "packages/packs/angular",
      "link": true
    },
    "node_modules/@javakishore-veleti/awfd-azure": {
      "resolved": "packages/packs/azure",
      "link": true
    },
    "node_modules/@javakishore-veleti/awfd-databricks": {
      "resolved": "packages/packs/databricks",
      "link": true
    },
    "node_modules/@javakishore-veleti/awfd-datadog": {
      "resolved": "packages/packs/datadog",
      "link": true
    },
    "node_modules/@javakishore-veleti/awfd-github-actions": {
      "resolved": "packages/packs/github-actions",
      "link": true
    },
    "node_modules/@javakishore-veleti/awfd-postgres": {
      "resolved": "packages/packs/postgres",
      "link": true
    },
    "node_modules/@javakishore-veleti/awfd-redis": {
      "resolved": "packages/packs/redis",
      "link": true
    },
    "node_modules/@javakishore-veleti/awfd-shopify": {
      "resolved": "packages/packs/shopify",
      "link": true
    },
    "node_modules/@javakishore-veleti/awfd-spring-boot": {
      "resolved": "packages/packs/spring-boot",
      "link": true
    },
    "packages/awfd": {
      "name": "@javakishore-veleti/awfd",
      "version": "0.0.1-beta.1",
      "license": "Apache-2.0",
      "bin": {
        "awfd": "bin/awfd.mjs"
      },
      "engines": {
        "node": ">=22.14"
      }
    },
    "packages/packs/all": {
      "name": "@javakishore-veleti/awfd-all",
      "version": "0.0.1-beta.1",
      "license": "Apache-2.0",
      "dependencies": {
        "@javakishore-veleti/awfd": "0.0.1-beta.1",
        "@javakishore-veleti/awfd-angular": "0.0.1-beta.1",
        "@javakishore-veleti/awfd-azure": "0.0.1-beta.1",
        "@javakishore-veleti/awfd-databricks": "0.0.1-beta.1",
        "@javakishore-veleti/awfd-datadog": "0.0.1-beta.1",
        "@javakishore-veleti/awfd-github-actions": "0.0.1-beta.1",
        "@javakishore-veleti/awfd-postgres": "0.0.1-beta.1",
        "@javakishore-veleti/awfd-redis": "0.0.1-beta.1",
        "@javakishore-veleti/awfd-shopify": "0.0.1-beta.1",
        "@javakishore-veleti/awfd-spring-boot": "0.0.1-beta.1"
      },
      "engines": {
        "node": ">=22.14"
      }
    },
    "packages/packs/angular": {
      "name": "@javakishore-veleti/awfd-angular",
      "version": "0.0.1-beta.1",
      "license": "Apache-2.0",
      "dependencies": {
        "@javakishore-veleti/awfd": "0.0.1-beta.1"
      },
      "engines": {
        "node": ">=22.14"
      }
    },
    "packages/packs/azure": {
      "name": "@javakishore-veleti/awfd-azure",
      "version": "0.0.1-beta.1",
      "license": "Apache-2.0",
      "dependencies": {
        "@javakishore-veleti/awfd": "0.0.1-beta.1"
      },
      "engines": {
        "node": ">=22.14"
      }
    },
    "packages/packs/databricks": {
      "name": "@javakishore-veleti/awfd-databricks",
      "version": "0.0.1-beta.1",
      "license": "Apache-2.0",
      "dependencies": {
        "@javakishore-veleti/awfd": "0.0.1-beta.1"
      },
      "engines": {
        "node": ">=22.14"
      }
    },
    "packages/packs/datadog": {
      "name": "@javakishore-veleti/awfd-datadog",
      "version": "0.0.1-beta.1",
      "license": "Apache-2.0",
      "dependencies": {
        "@javakishore-veleti/awfd": "0.0.1-beta.1"
      },
      "engines": {
        "node": ">=22.14"
      }
    },
    "packages/packs/github-actions": {
      "name": "@javakishore-veleti/awfd-github-actions",
      "version": "0.0.1-beta.1",
      "license": "Apache-2.0",
      "dependencies": {
        "@javakishore-veleti/awfd": "0.0.1-beta.1"
      },
      "engines": {
        "node": ">=22.14"
      }
    },
    "packages/packs/postgres": {
      "name": "@javakishore-veleti/awfd-postgres",
      "version": "0.0.1-beta.1",
      "license": "Apache-2.0",
      "dependencies": {
        "@javakishore-veleti/awfd": "0.0.1-beta.1"
      },
      "engines": {
        "node": ">=22.14"
      }
    },
    "packages/packs/redis": {
      "name": "@javakishore-veleti/awfd-redis",
      "version": "0.0.1-beta.1",
      "license": "Apache-2.0",
      "dependencies": {
        "@javakishore-veleti/awfd": "0.0.1-beta.1"
      },
      "engines": {
        "node": ">=22.14"
      }
    },
    "packages/packs/shopify": {
      "name": "@javakishore-veleti/awfd-shopify",
      "version": "0.0.1-beta.1",
      "license": "Apache-2.0",
      "dependencies": {
        "@javakishore-veleti/awfd": "0.0.1-beta.1"
      },
      "engines": {
        "node": ">=22.14"
      }
    },
    "packages/packs/spring-boot": {
      "name": "@javakishore-veleti/awfd-spring-boot",
      "version": "0.0.1-beta.1",
      "license": "Apache-2.0",
      "dependencies": {
        "@javakishore-veleti/awfd": "0.0.1-beta.1"
      },
      "engines": {
        "node": ">=22.14"
      }
    }
  }
}
